
Microsoft Visual Studio Solution File, Format Version 12.00
# Visual Studio 15
VisualStudioVersion = 15.0.28307.271
MinimumVisualStudioVersion = 10.0.40219.1
Project("{2150E333-8FDC-42A3-9474-1A3956D46DE8}") = "WebAPI", "WebAPI", "{D1F5C871-8F87-459E-8715-D8B055081D27}"
EndProject
Project("{FAE04EC0-301F-11D3-BF4B-00C04F79EFBC}") = "WebLoginApplication", "WebLoginApplication\WebLoginApplication.csproj", "{72AFC612-73CF-461B-B707-5919156994A6}"
EndProject
Global
	GlobalSection(SolutionConfigurationPlatforms) = preSolution
		Debug|Any CPU = Debug|Any CPU
		Release|Any CPU = Release|Any CPU
	EndGlobalSection
	GlobalSection(ProjectConfigurationPlatforms) = postSolution
		{72AFC612-73CF-461B-B707-5919156994A6}.Debug|Any CPU.ActiveCfg = Debug|Any CPU
		{72AFC612-73CF-461B-B707-5919156994A6}.Debug|Any CPU.Build.0 = Debug|Any CPU
		{72AFC612-73CF-461B-B707-5919156994A6}.Release|Any CPU.ActiveCfg = Release|Any CPU
		{72AFC612-73CF-461B-B707-5919156994A6}.Release|Any CPU.Build.0 = Release|Any CPU
	EndGlobalSection
	GlobalSection(SolutionProperties) = preSolution
		HideSolutionNode = FALSE
	EndGlobalSection
	GlobalSection(NestedProjects) = preSolution
		{72AFC612-73CF-461B-B707-5919156994A6} = {D1F5C871-8F87-459E-8715-D8B055081D27}
	EndGlobalSection
	GlobalSection(ExtensibilityGlobals) = postSolution
		SolutionGuid = {7FDFED25-99C4-4875-9B60-C4B62113380F}
	EndGlobalSection
EndGlobal
